
Microsoft Visual Studio Solution File, Format Version 12.00
# Visual Studio 15
VisualStudioVersion = 15.0.27703.2035
MinimumVisualStudioVersion = 10.0.40219.1
Project("{8BC9CEB8-8B4A-11D0-8D11-00A0C91BC942}") = "MDK", "MDK\MDK.vcxproj", "{FB3FFC6B-D26D-4E12-BEE5-8966DFE9D0AE}"
EndProject
Global
	GlobalSection(SolutionConfigurationPlatforms) = preSolution
		Debug|x64 = Debug|x64
		Debug|x86 = Debug|x86
		Release|x64 = Release|x64
		Release|x86 = Release|x86
	EndGlobalSection
	GlobalSection(ProjectConfigurationPlatforms) = postSolution
		{FB3FFC6B-D26D-4E12-BEE5-8966DFE9D0AE}.Debug|x64.ActiveCfg = Debug|x64
		{FB3FFC6B-D26D-4E12-BEE5-8966DFE9D0AE}.Debug|x64.Build.0 = Debug|x64
		{FB3FFC6B-D26D-4E12-BEE5-8966DFE9D0AE}.Debug|x86.ActiveCfg = Debug|Win32
		{FB3FFC6B-D26D-4E12-BEE5-8966DFE9D0AE}.Debug|x86.Build.0 = Debug|Win32
		{FB3FFC6B-D26D-4E12-BEE5-8966DFE9D0AE}.Release|x64.ActiveCfg = Release|x64
		{FB3FFC6B-D26D-4E12-BEE5-8966DFE9D0AE}.Release|x64.Build.0 = Release|x64
		{FB3FFC6B-D26D-4E12-BEE5-8966DFE9D0AE}.Release|x86.ActiveCfg = Release|Win32
		{FB3FFC6B-D26D-4E12-BEE5-8966DFE9D0AE}.Release|x86.Build.0 = Release|Win32
	EndGlobalSection
	GlobalSection(SolutionProperties) = preSolution
		HideSolutionNode = FALSE
	EndGlobalSection
	GlobalSection(ExtensibilityGlobals) = postSolution
		SolutionGuid = {42AC797B-A83A-4DBC-AC18-37396CB6ECBB}
	EndGlobalSection
EndGlobal
